// !$*UTF8*$!
{
	archiveVersion = 1;
	classes = {
	};
	objectVersion = 55;
	objects = {

/* Begin PBXBuildFile section */
		1344570BAE7823B49C41133C /* Pods_WorldBeers.framework in Frameworks */ = {isa = PBXBuildFile; fileRef = E68D1AED67C40000AA47C9CD /* Pods_WorldBeers.framework */; };
		51047EC9282ABFEC00FB245B /* RequestAPI.swift in Sources */ = {isa = PBXBuildFile; fileRef = 51047EC8282ABFEC00FB245B /* RequestAPI.swift */; };
		51047ECB282AD3F000FB245B /* BeerDataModel.swift in Sources */ = {isa = PBXBuildFile; fileRef = 51047ECA282AD3F000FB245B /* BeerDataModel.swift */; };
		513517B7282B163E00A8C59B /* BeerDataViewModel.swift in Sources */ = {isa = PBXBuildFile; fileRef = 513517B6282B163E00A8C59B /* BeerDataViewModel.swift */; };
		513517BB282B1B4E00A8C59B /* TableViewCell.swift in Sources */ = {isa = PBXBuildFile; fileRef = 513517BA282B1B4E00A8C59B /* TableViewCell.swift */; };
		513517BD282B2A8F00A8C59B /* DetailViewController.swift in Sources */ = {isa = PBXBuildFile; fileRef = 513517BC282B2A8F00A8C59B /* DetailViewController.swift */; };
		51C526DD282A88AD00318CA3 /* AppDelegate.swift in Sources */ = {isa = PBXBuildFile; fileRef = 51C526DC282A88AD00318CA3 /* AppDelegate.swift */; };
		51C526E1282A88AD00318CA3 /* ViewController.swift in Sources */ = {isa = PBXBuildFile; fileRef = 51C526E0282A88AD00318CA3 /* ViewController.swift */; };
		51C526E4282A88AD00318CA3 /* Main.storyboard in Resources */ = {isa = PBXBuildFile; fileRef = 51C526E2282A88AD00318CA3 /* Main.storyboard */; };
		51C526E6282A88AD00318CA3 /* Assets.xcassets in Resources */ = {isa = PBXBuildFile; fileRef = 51C526E5282A88AD00318CA3 /* Assets.xcassets */; };
		51C526E9282A88AD00318CA3 /* LaunchScreen.storyboard in Resources */ = {isa = PBXBuildFile; fileRef = 51C526E7282A88AD00318CA3 /* LaunchScreen.storyboard */; };
		51C526F4282A88AE00318CA3 /* WorldBeersTests.swift in Sources */ = {isa = PBXBuildFile; fileRef = 51C526F3282A88AE00318CA3 /* WorldBeersTests.swift */; };
		51C526FE282A88AE00318CA3 /* WorldBeersUITests.swift in Sources */ = {isa = PBXBuildFile; fileRef = 51C526FD282A88AE00318CA3 /* WorldBeersUITests.swift */; };
		51C52700282A88AE00318CA3 /* WorldBeersUITestsLaunchTests.swift in Sources */ = {isa = PBXBuildFile; fileRef = 51C526FF282A88AE00318CA3 /* WorldBeersUITestsLaunchTests.swift */; };
		BFF0065073301AD68D922787 /* Pods_WorldBeers_WorldBeersUITests.framework in Frameworks */ = {isa = PBXBuildFile; fileRef = 8089AFE2D06B493718699DD9 /* Pods_WorldBeers_WorldBeersUITests.framework */; };
		EB2066633403048B3627541E /* Pods_WorldBeersTests.framework in Frameworks */ = {isa = PBXBuildFile; fileRef = A4E584A89144DD069E2906C8 /* Pods_WorldBeersTests.framework */; };
/* End PBXBuildFile section */

/* Begin PBXContainerItemProxy section */
		51C526F0282A88AE00318CA3 /* PBXContainerItemProxy */ = {
			isa = PBXContainerItemProxy;
			containerPortal = 51C526D1282A88AD00318CA3 /* Project object */;
			proxyType = 1;
			remoteGlobalIDString = 51C526D8282A88AD00318CA3;
			remoteInfo = WorldBeers;
		};
		51C526FA282A88AE00318CA3 /* PBXContainerItemProxy */ = {
			isa = PBXContainerItemProxy;
			containerPortal = 51C526D1282A88AD00318CA3 /* Project object */;
			proxyType = 1;
			remoteGlobalIDString = 51C526D8282A88AD00318CA3;
			remoteInfo = WorldBeers;
		};
/* End PBXContainerItemProxy section */

/* Begin PBXFileReference section */
		183433EB8DEF9D6E65FDB4FB /* Pods-WorldBeers-WorldBeersUITests.debug.xcconfig */ = {isa = PBXFileReference; includeInIndex = 1; lastKnownFileType = text.xcconfig; name = "Pods-WorldBeers-WorldBeersUITests.debug.xcconfig"; path = "Target Support Files/Pods-WorldBeers-WorldBeersUITests/Pods-WorldBeers-WorldBeersUITests.debug.xcconfig"; sourceTree = "<group>"; };
		217DB817AD8F25F046EB12DB /* Pods-WorldBeers.debug.xcconfig */ = {isa = PBXFileReference; includeInIndex = 1; lastKnownFileType = text.xcconfig; name = "Pods-WorldBeers.debug.xcconfig"; path = "Target Support Files/Pods-WorldBeers/Pods-WorldBeers.debug.xcconfig"; sourceTree = "<group>"; };
		51047EC8282ABFEC00FB245B /* RequestAPI.swift */ = {isa = PBXFileReference; lastKnownFileType = sourcecode.swift; path = RequestAPI.swift; sourceTree = "<group>"; };
		51047ECA282AD3F000FB245B /* BeerDataModel.swift */ = {isa = PBXFileReference; lastKnownFileType = sourcecode.swift; path = BeerDataModel.swift; sourceTree = "<group>"; };
		513517B6282B163E00A8C59B /* BeerDataViewModel.swift */ = {isa = PBXFileReference; lastKnownFileType = sourcecode.swift; path = BeerDataViewModel.swift; sourceTree = "<group>"; };
		513517BA282B1B4E00A8C59B /* TableViewCell.swift */ = {isa = PBXFileReference; lastKnownFileType = sourcecode.swift; path = TableViewCell.swift; sourceTree = "<group>"; };
		513517BC282B2A8F00A8C59B /* DetailViewController.swift */ = {isa = PBXFileReference; lastKnownFileType = sourcecode.swift; path = DetailViewController.swift; sourceTree = "<group>"; };
		51C526D9282A88AD00318CA3 /* WorldBeers.app */ = {isa = PBXFileReference; explicitFileType = wrapper.application; includeInIndex = 0; path = WorldBeers.app; sourceTree = BUILT_PRODUCTS_DIR; };
		51C526DC282A88AD00318CA3 /* AppDelegate.swift */ = {isa = PBXFileReference; lastKnownFileType = sourcecode.swift; path = AppDelegate.swift; sourceTree = "<group>"; };
		51C526E0282A88AD00318CA3 /* ViewController.swift */ = {isa = PBXFileReference; lastKnownFileType = sourcecode.swift; path = ViewController.swift; sourceTree = "<group>"; };
		51C526E3282A88AD00318CA3 /* Base */ = {isa = PBXFileReference; lastKnownFileType = file.storyboard; name = Base; path = Base.lproj/Main.storyboard; sourceTree = "<group>"; };
		51C526E5282A88AD00318CA3 /* Assets.xcassets */ = {isa = PBXFileReference; lastKnownFileType = folder.assetcatalog; path = Assets.xcassets; sourceTree = "<group>"; };
		51C526E8282A88AD00318CA3 /* Base */ = {isa = PBXFileReference; lastKnownFileType = file.storyboard; name = Base; path = Base.lproj/LaunchScreen.storyboard; sourceTree = "<group>"; };
		51C526EA282A88AD00318CA3 /* Info.plist */ = {isa = PBXFileReference; lastKnownFileType = text.plist.xml; path = Info.plist; sourceTree = "<group>"; };
		51C526EF282A88AE00318CA3 /* WorldBeersTests.xctest */ = {isa = PBXFileReference; explicitFileType = wrapper.cfbundle; includeInIndex = 0; path = WorldBeersTests.xctest; sourceTree = BUILT_PRODUCTS_DIR; };
		51C526F3282A88AE00318CA3 /* WorldBeersTests.swift */ = {isa = PBXFileReference; lastKnownFileType = sourcecode.swift; path = WorldBeersTests.swift; sourceTree = "<group>"; };
		51C526F9282A88AE00318CA3 /* WorldBeersUITests.xctest */ = {isa = PBXFileReference; explicitFileType = wrapper.cfbundle; includeInIndex = 0; path = WorldBeersUITests.xctest; sourceTree = BUILT_PRODUCTS_DIR; };
		51C526FD282A88AE00318CA3 /* WorldBeersUITests.swift */ = {isa = PBXFileReference; lastKnownFileType = sourcecode.swift; path = WorldBeersUITests.swift; sourceTree = "<group>"; };
		51C526FF282A88AE00318CA3 /* WorldBeersUITestsLaunchTests.swift */ = {isa = PBXFileReference; lastKnownFileType = sourcecode.swift; path = WorldBeersUITestsLaunchTests.swift; sourceTree = "<group>"; };
		66ADA207542556AA1A3F023C /* Pods-WorldBeersTests.debug.xcconfig */ = {isa = PBXFileReference; includeInIndex = 1; lastKnownFileType = text.xcconfig; name = "Pods-WorldBeersTests.debug.xcconfig"; path = "Target Support Files/Pods-WorldBeersTests/Pods-WorldBeersTests.debug.xcconfig"; sourceTree = "<group>"; };
		8089AFE2D06B493718699DD9 /* Pods_WorldBeers_WorldBeersUITests.framework */ = {isa = PBXFileReference; explicitFileType = wrapper.framework; includeInIndex = 0; path = Pods_WorldBeers_WorldBeersUITests.framework; sourceTree = BUILT_PRODUCTS_DIR; };
		91DFA3C1D0402CDBCF91746A /* Pods-WorldBeersTests.release.xcconfig */ = {isa = PBXFileReference; includeInIndex = 1; lastKnownFileType = text.xcconfig; name = "Pods-WorldBeersTests.release.xcconfig"; path = "Target Support Files/Pods-WorldBeersTests/Pods-WorldBeersTests.release.xcconfig"; sourceTree = "<group>"; };
		A4E584A89144DD069E2906C8 /* Pods_WorldBeersTests.framework */ = {isa = PBXFileReference; explicitFileType = wrapper.framework; includeInIndex = 0; path = Pods_WorldBeersTests.framework; sourceTree = BUILT_PRODUCTS_DIR; };
		B57A9F4313B6EE3A8F862AEE /* Pods-WorldBeers.release.xcconfig */ = {isa = PBXFileReference; includeInIndex = 1; lastKnownFileType = text.xcconfig; name = "Pods-WorldBeers.release.xcconfig"; path = "Target Support Files/Pods-WorldBeers/Pods-WorldBeers.release.xcconfig"; sourceTree = "<group>"; };
		E68D1AED67C40000AA47C9CD /* Pods_WorldBeers.framework */ = {isa = PBXFileReference; explicitFileType = wrapper.framework; includeInIndex = 0; path = Pods_WorldBeers.framework; sourceTree = BUILT_PRODUCTS_DIR; };
		F6ED9ABA024A5AEC0D6003F1 /* Pods-WorldBeers-WorldBeersUITests.release.xcconfig */ = {isa = PBXFileReference; includeInIndex = 1; lastKnownFileType = text.xcconfig; name = "Pods-WorldBeers-WorldBeersUITests.release.xcconfig"; path = "Target Support Files/Pods-WorldBeers-WorldBeersUITests/Pods-WorldBeers-WorldBeersUITests.release.xcconfig"; sourceTree = "<group>"; };
/* End PBXFileReference section */

/* Begin PBXFrameworksBuildPhase section */
		51C526D6282A88AD00318CA3 /* Frameworks */ = {
			isa = PBXFrameworksBuildPhase;
			buildActionMask = 2147483647;
			files = (
				1344570BAE7823B49C41133C /* Pods_WorldBeers.framework in Frameworks */,
			);
			runOnlyForDeploymentPostprocessing = 0;
		};
		51C526EC282A88AE00318CA3 /* Frameworks */ = {
			isa = PBXFrameworksBuildPhase;
			buildActionMask = 2147483647;
			files = (
				EB2066633403048B3627541E /* Pods_WorldBeersTests.framework in Frameworks */,
			);
			runOnlyForDeploymentPostprocessing = 0;
		};
		51C526F6282A88AE00318CA3 /* Frameworks */ = {
			isa = PBXFrameworksBuildPhase;
			buildActionMask = 2147483647;
			files = (
				BFF0065073301AD68D922787 /* Pods_WorldBeers_WorldBeersUITests.framework in Frameworks */,
			);
			runOnlyForDeploymentPostprocessing = 0;
		};
/* End PBXFrameworksBuildPhase section */

/* Begin PBXGroup section */
		0754A3B91BA872C987D1BA10 /* Pods */ = {
			isa = PBXGroup;
			children = (
				217DB817AD8F25F046EB12DB /* Pods-WorldBeers.debug.xcconfig */,
				B57A9F4313B6EE3A8F862AEE /* Pods-WorldBeers.release.xcconfig */,
				183433EB8DEF9D6E65FDB4FB /* Pods-WorldBeers-WorldBeersUITests.debug.xcconfig */,
				F6ED9ABA024A5AEC0D6003F1 /* Pods-WorldBeers-WorldBeersUITests.release.xcconfig */,
				66ADA207542556AA1A3F023C /* Pods-WorldBeersTests.debug.xcconfig */,
				91DFA3C1D0402CDBCF91746A /* Pods-WorldBeersTests.release.xcconfig */,
			);
			path = Pods;
			sourceTree = "<group>";
		};
		51C526D0282A88AD00318CA3 = {
			isa = PBXGroup;
			children = (
				51C526DB282A88AD00318CA3 /* WorldBeers */,
				51C526F2282A88AE00318CA3 /* WorldBeersTests */,
				51C526FC282A88AE00318CA3 /* WorldBeersUITests */,
				51C526DA282A88AD00318CA3 /* Products */,
				0754A3B91BA872C987D1BA10 /* Pods */,
				F1AF01FC15127D9CF0926345 /* Frameworks */,
			);
			sourceTree = "<group>";
		};
		51C526DA282A88AD00318CA3 /* Products */ = {
			isa = PBXGroup;
			children = (
				51C526D9282A88AD00318CA3 /* WorldBeers.app */,
				51C526EF282A88AE00318CA3 /* WorldBeersTests.xctest */,
				51C526F9282A88AE00318CA3 /* WorldBeersUITests.xctest */,
			);
			name = Products;
			sourceTree = "<group>";
		};
		51C526DB282A88AD00318CA3 /* WorldBeers */ = {
			isa = PBXGroup;
			children = (
				51C5270C282A892D00318CA3 /* StoryBoard */,
				51C526DC282A88AD00318CA3 /* AppDelegate.swift */,
				51C526E0282A88AD00318CA3 /* ViewController.swift */,
				51C526E5282A88AD00318CA3 /* Assets.xcassets */,
				51C526E7282A88AD00318CA3 /* LaunchScreen.storyboard */,
				51C526EA282A88AD00318CA3 /* Info.plist */,
				51047EC8282ABFEC00FB245B /* RequestAPI.swift */,
				51047ECA282AD3F000FB245B /* BeerDataModel.swift */,
				513517B6282B163E00A8C59B /* BeerDataViewModel.swift */,
				513517BA282B1B4E00A8C59B /* TableViewCell.swift */,
				513517BC282B2A8F00A8C59B /* DetailViewController.swift */,
			);
			path = WorldBeers;
			sourceTree = "<group>";
		};
		51C526F2282A88AE00318CA3 /* WorldBeersTests */ = {
			isa = PBXGroup;
			children = (
				51C526F3282A88AE00318CA3 /* WorldBeersTests.swift */,
			);
			path = WorldBeersTests;
			sourceTree = "<group>";
		};
		51C526FC282A88AE00318CA3 /* WorldBeersUITests */ = {
			isa = PBXGroup;
			children = (
				51C526FD282A88AE00318CA3 /* WorldBeersUITests.swift */,
				51C526FF282A88AE00318CA3 /* WorldBeersUITestsLaunchTests.swift */,
			);
			path = WorldBeersUITests;
			sourceTree = "<group>";
		};
		51C5270C282A892D00318CA3 /* StoryBoard */ = {
			isa = PBXGroup;
			children = (
				51C526E2282A88AD00318CA3 /* Main.storyboard */,
			);
			path = StoryBoard;
			sourceTree = "<group>";
		};
		F1AF01FC15127D9CF0926345 /* Frameworks */ = {
			isa = PBXGroup;
			children = (
				E68D1AED67C40000AA47C9CD /* Pods_WorldBeers.framework */,
				8089AFE2D06B493718699DD9 /* Pods_WorldBeers_WorldBeersUITests.framework */,
				A4E584A89144DD069E2906C8 /* Pods_WorldBeersTests.framework */,
			);
			name = Frameworks;
			sourceTree = "<group>";
		};
/* End PBXGroup section */

/* Begin PBXNativeTarget section */
		51C526D8282A88AD00318CA3 /* WorldBeers */ = {
			isa = PBXNativeTarget;
			buildConfigurationList = 51C52703282A88AE00318CA3 /* Build configuration list for PBXNativeTarget "WorldBeers" */;
			buildPhases = (
				B59CB430544B155C37D96E27 /* [CP] Check Pods Manifest.lock */,
				51C526D5282A88AD00318CA3 /* Sources */,
				51C526D6282A88AD00318CA3 /* Frameworks */,
				51C526D7282A88AD00318CA3 /* Resources */,
				50FC0C2405D7528CA81FBF9A /* [CP] Embed Pods Frameworks */,
			);
			buildRules = (
			);
			dependencies = (
			);
			name = WorldBeers;
			productName = WorldBeers;
			productReference = 51C526D9282A88AD00318CA3 /* WorldBeers.app */;
			productType = "com.apple.product-type.application";
		};
		51C526EE282A88AE00318CA3 /* WorldBeersTests */ = {
			isa = PBXNativeTarget;
			buildConfigurationList = 51C52706282A88AE00318CA3 /* Build configuration list for PBXNativeTarget "WorldBeersTests" */;
			buildPhases = (
				3E626E1DE46B6A0493E4E8CE /* [CP] Check Pods Manifest.lock */,
				51C526EB282A88AE00318CA3 /* Sources */,
				51C526EC282A88AE00318CA3 /* Frameworks */,
				51C526ED282A88AE00318CA3 /* Resources */,
			);
			buildRules = (
			);
			dependencies = (
				51C526F1282A88AE00318CA3 /* PBXTargetDependency */,
			);
			name = WorldBeersTests;
			productName = WorldBeersTests;
			productReference = 51C526EF282A88AE00318CA3 /* WorldBeersTests.xctest */;
			productType = "com.apple.product-type.bundle.unit-test";
		};
		51C526F8282A88AE00318CA3 /* WorldBeersUITests */ = {
			isa = PBXNativeTarget;
			buildConfigurationList = 51C52709282A88AE00318CA3 /* Build configuration list for PBXNativeTarget "WorldBeersUITests" */;
			buildPhases = (
				A498F832A6CE571B54425DD2 /* [CP] Check Pods Manifest.lock */,
				51C526F5282A88AE00318CA3 /* Sources */,
				51C526F6282A88AE00318CA3 /* Frameworks */,
				51C526F7282A88AE00318CA3 /* Resources */,
				A929A9DD4B7AB930C80F5052 /* [CP] Embed Pods Frameworks */,
			);
			buildRules = (
			);
			dependencies = (
				51C526FB282A88AE00318CA3 /* PBXTargetDependency */,
			);
			name = WorldBeersUITests;
			productName = WorldBeersUITests;
			productReference = 51C526F9282A88AE00318CA3 /* WorldBeersUITests.xctest */;
			productType = "com.apple.product-type.bundle.ui-testing";
		};
/* End PBXNativeTarget section */

/* Begin PBXProject section */
		51C526D1282A88AD00318CA3 /* Project object */ = {
			isa = PBXProject;
			attributes = {
				BuildIndependentTargetsInParallel = 1;
				LastSwiftUpdateCheck = 1330;
				LastUpgradeCheck = 1330;
				TargetAttributes = {
					51C526D8282A88AD00318CA3 = {
						CreatedOnToolsVersion = 13.3.1;
					};
					51C526EE282A88AE00318CA3 = {
						CreatedOnToolsVersion = 13.3.1;
						TestTargetID = 51C526D8282A88AD00318CA3;
					};
					51C526F8282A88AE00318CA3 = {
						CreatedOnToolsVersion = 13.3.1;
						TestTargetID = 51C526D8282A88AD00318CA3;
					};
				};
			};
			buildConfigurationList = 51C526D4282A88AD00318CA3 /* Build configuration list for PBXProject "WorldBeers" */;
			compatibilityVersion = "Xcode 13.0";
			developmentRegion = en;
			hasScannedForEncodings = 0;
			knownRegions = (
				en,
				Base,
			);
			mainGroup = 51C526D0282A88AD00318CA3;
			productRefGroup = 51C526DA282A88AD00318CA3 /* Products */;
			projectDirPath = "";
			projectRoot = "";
			targets = (
				51C526D8282A88AD00318CA3 /* WorldBeers */,
				51C526EE282A88AE00318CA3 /* WorldBeersTests */,
				51C526F8282A88AE00318CA3 /* WorldBeersUITests */,
			);
		};
/* End PBXProject section */

/* Begin PBXResourcesBuildPhase section */
		51C526D7282A88AD00318CA3 /* Resources */ = {
			isa = PBXResourcesBuildPhase;
			buildActionMask = 2147483647;
			files = (
				51C526E9282A88AD00318CA3 /* LaunchScreen.storyboard in Resources */,
				51C526E6282A88AD00318CA3 /* Assets.xcassets in Resources */,
				51C526E4282A88AD00318CA3 /* Main.storyboard in Resources */,
			);
			runOnlyForDeploymentPostprocessing = 0;
		};
		51C526ED282A88AE00318CA3 /* Resources */ = {
			isa = PBXResourcesBuildPhase;
			buildActionMask = 2147483647;
			files = (
			);
			runOnlyForDeploymentPostprocessing = 0;
		};
		51C526F7282A88AE00318CA3 /* Resources */ = {
			isa = PBXResourcesBuildPhase;
			buildActionMask = 2147483647;
			files = (
			);
			runOnlyForDeploymentPostprocessing = 0;
		};
/* End PBXResourcesBuildPhase section */

/* Begin PBXShellScriptBuildPhase section */
		3E626E1DE46B6A0493E4E8CE /* [CP] Check Pods Manifest.lock */ = {
			isa = PBXShellScriptBuildPhase;
			buildActionMask = 2147483647;
			files = (
			);
			inputFileListPaths = (
			);
			inputPaths = (
				"${PODS_PODFILE_DIR_PATH}/Podfile.lock",
				"${PODS_ROOT}/Manifest.lock",
			);
			name = "[CP] Check Pods Manifest.lock";
			outputFileListPaths = (
			);
			outputPaths = (
				"$(DERIVED_FILE_DIR)/Pods-WorldBeersTests-checkManifestLockResult.txt",
			);
			runOnlyForDeploymentPostprocessing = 0;
			shellPath = /bin/sh;
			shellScript = "diff \"${PODS_PODFILE_DIR_PATH}/Podfile.lock\" \"${PODS_ROOT}/Manifest.lock\" > /dev/null\nif [ $? != 0 ] ; then\n    # print error to STDERR\n    echo \"error: The sandbox is not in sync with the Podfile.lock. Run 'pod install' or update your CocoaPods installation.\" >&2\n    exit 1\nfi\n# This output is used by Xcode 'outputs' to avoid re-running this script phase.\necho \"SUCCESS\" > \"${SCRIPT_OUTPUT_FILE_0}\"\n";
			showEnvVarsInLog = 0;
		};
		50FC0C2405D7528CA81FBF9A /* [CP] Embed Pods Frameworks */ = {
			isa = PBXShellScriptBuildPhase;
			buildActionMask = 2147483647;
			files = (
			);
			inputFileListPaths = (
				"${PODS_ROOT}/Target Support Files/Pods-WorldBeers/Pods-WorldBeers-frameworks-${CONFIGURATION}-input-files.xcfilelist",
			);
			name = "[CP] Embed Pods Frameworks";
			outputFileListPaths = (
				"${PODS_ROOT}/Target Support Files/Pods-WorldBeers/Pods-WorldBeers-frameworks-${CONFIGURATION}-output-files.xcfilelist",
			);
			runOnlyForDeploymentPostprocessing = 0;
			shellPath = /bin/sh;
			shellScript = "\"${PODS_ROOT}/Target Support Files/Pods-WorldBeers/Pods-WorldBeers-frameworks.sh\"\n";
			showEnvVarsInLog = 0;
		};
		A498F832A6CE571B54425DD2 /* [CP] Check Pods Manifest.lock */ = {
			isa = PBXShellScriptBuildPhase;
			buildActionMask = 2147483647;
			files = (
			);
			inputFileListPaths = (
			);
			inputPaths = (
				"${PODS_PODFILE_DIR_PATH}/Podfile.lock",
				"${PODS_ROOT}/Manifest.lock",
			);
			name = "[CP] Check Pods Manifest.lock";
			outputFileListPaths = (
			);
			outputPaths = (
				"$(DERIVED_FILE_DIR)/Pods-WorldBeers-WorldBeersUITests-checkManifestLockResult.txt",
			);
			runOnlyForDeploymentPostprocessing = 0;
			shellPath = /bin/sh;
			shellScript = "diff \"${PODS_PODFILE_DIR_PATH}/Podfile.lock\" \"${PODS_ROOT}/Manifest.lock\" > /dev/null\nif [ $? != 0 ] ; then\n    # print error to STDERR\n    echo \"error: The sandbox is not in sync with the Podfile.lock. Run 'pod install' or update your CocoaPods installation.\" >&2\n    exit 1\nfi\n# This output is used by Xcode 'outputs' to avoid re-running this script phase.\necho \"SUCCESS\" > \"${SCRIPT_OUTPUT_FILE_0}\"\n";
			showEnvVarsInLog = 0;
		};
		A929A9DD4B7AB930C80F5052 /* [CP] Embed Pods Frameworks */ = {
			isa = PBXShellScriptBuildPhase;
			buildActionMask = 2147483647;
			files = (
			);
			inputFileListPaths = (
				"${PODS_ROOT}/Target Support Files/Pods-WorldBeers-WorldBeersUITests/Pods-WorldBeers-WorldBeersUITests-frameworks-${CONFIGURATION}-input-files.xcfilelist",
			);
			name = "[CP] Embed Pods Frameworks";
			outputFileListPaths = (
				"${PODS_ROOT}/Target Support Files/Pods-WorldBeers-WorldBeersUITests/Pods-WorldBeers-WorldBeersUITests-frameworks-${CONFIGURATION}-output-files.xcfilelist",
			);
			runOnlyForDeploymentPostprocessing = 0;
			shellPath = /bin/sh;
			shellScript = "\"${PODS_ROOT}/Target Support Files/Pods-WorldBeers-WorldBeersUITests/Pods-WorldBeers-WorldBeersUITests-frameworks.sh\"\n";
			showEnvVarsInLog = 0;
		};
		B59CB430544B155C37D96E27 /* [CP] Check Pods Manifest.lock */ = {
			isa = PBXShellScriptBuildPhase;
			buildActionMask = 2147483647;
			files = (
			);
			inputFileListPaths = (
			);
			inputPaths = (
				"${PODS_PODFILE_DIR_PATH}/Podfile.lock",
				"${PODS_ROOT}/Manifest.lock",
			);
			name = "[CP] Check Pods Manifest.lock";
			outputFileListPaths = (
			);
			outputPaths = (
				"$(DERIVED_FILE_DIR)/Pods-WorldBeers-checkManifestLockResult.txt",
			);
			runOnlyForDeploymentPostprocessing = 0;
			shellPath = /bin/sh;
			shellScript = "diff \"${PODS_PODFILE_DIR_PATH}/Podfile.lock\" \"${PODS_ROOT}/Manifest.lock\" > /dev/null\nif [ $? != 0 ] ; then\n    # print error to STDERR\n    echo \"error: The sandbox is not in sync with the Podfile.lock. Run 'pod install' or update your CocoaPods installation.\" >&2\n    exit 1\nfi\n# This output is used by Xcode 'outputs' to avoid re-running this script phase.\necho \"SUCCESS\" > \"${SCRIPT_OUTPUT_FILE_0}\"\n";
			showEnvVarsInLog = 0;
		};
/* End PBXShellScriptBuildPhase section */

/* Begin PBXSourcesBuildPhase section */
		51C526D5282A88AD00318CA3 /* Sources */ = {
			isa = PBXSourcesBuildPhase;
			buildActionMask = 2147483647;
			files = (
				51C526E1282A88AD00318CA3 /* ViewController.swift in Sources */,
				51047EC9282ABFEC00FB245B /* RequestAPI.swift in Sources */,
				51C526DD282A88AD00318CA3 /* AppDelegate.swift in Sources */,
				513517BB282B1B4E00A8C59B /* TableViewCell.swift in Sources */,
				51047ECB282AD3F000FB245B /* BeerDataModel.swift in Sources */,
				513517B7282B163E00A8C59B /* BeerDataViewModel.swift in Sources */,
				513517BD282B2A8F00A8C59B /* DetailViewController.swift in Sources */,
			);
			runOnlyForDeploymentPostprocessing = 0;
		};
		51C526EB282A88AE00318CA3 /* Sources */ = {
			isa = PBXSourcesBuildPhase;
			buildActionMask = 2147483647;
			files = (
				51C526F4282A88AE00318CA3 /* WorldBeersTests.swift in Sources */,
			);
			runOnlyForDeploymentPostprocessing = 0;
		};
		51C526F5282A88AE00318CA3 /* Sources */ = {
			isa = PBXSourcesBuildPhase;
			buildActionMask = 2147483647;
			files = (
				51C526FE282A88AE00318CA3 /* WorldBeersUITests.swift in Sources */,
				51C52700282A88AE00318CA3 /* WorldBeersUITestsLaunchTests.swift in Sources */,
			);
			runOnlyForDeploymentPostprocessing = 0;
		};
/* End PBXSourcesBuildPhase section */

/* Begin PBXTargetDependency section */
		51C526F1282A88AE00318CA3 /* PBXTargetDependency */ = {
			isa = PBXTargetDependency;
			target = 51C526D8282A88AD00318CA3 /* WorldBeers */;
			targetProxy = 51C526F0282A88AE00318CA3 /* PBXContainerItemProxy */;
		};
		51C526FB282A88AE00318CA3 /* PBXTargetDependency */ = {
			isa = PBXTargetDependency;
			target = 51C526D8282A88AD00318CA3 /* WorldBeers */;
			targetProxy = 51C526FA282A88AE00318CA3 /* PBXContainerItemProxy */;
		};
/* End PBXTargetDependency section */

/* Begin PBXVariantGroup section */
		51C526E2282A88AD00318CA3 /* Main.storyboard */ = {
			isa = PBXVariantGroup;
			children = (
				51C526E3282A88AD00318CA3 /* Base */,
			);
			name = Main.storyboard;
			sourceTree = "<group>";
		};
		51C526E7282A88AD00318CA3 /* LaunchScreen.storyboard */ = {
			isa = PBXVariantGroup;
			children = (
				51C526E8282A88AD00318CA3 /* Base */,
			);
			name = LaunchScreen.storyboard;
			sourceTree = "<group>";
		};
/* End PBXVariantGroup section */

/* Begin XCBuildConfiguration section */
		51C52701282A88AE00318CA3 /* Debug */ = {
			isa = XCBuildConfiguration;
			buildSettings = {
				ALWAYS_SEARCH_USER_PATHS = NO;
				CLANG_ANALYZER_NONNULL = YES;
				CLANG_ANALYZER_NUMBER_OBJECT_CONVERSION = YES_AGGRESSIVE;
				CLANG_CXX_LANGUAGE_STANDARD = "gnu++17";
				CLANG_ENABLE_MODULES = YES;
				CLANG_ENABLE_OBJC_ARC = YES;
				CLANG_ENABLE_OBJC_WEAK = YES;
				CLANG_WARN_BLOCK_CAPTURE_AUTORELEASING = YES;
				CLANG_WARN_BOOL_CONVERSION = YES;
				CLANG_WARN_COMMA = YES;
				CLANG_WARN_CONSTANT_CONVERSION = YES;
				CLANG_WARN_DEPRECATED_OBJC_IMPLEMENTATIONS = YES;
				CLANG_WARN_DIRECT_OBJC_ISA_USAGE = YES_ERROR;
				CLANG_WARN_DOCUMENTATION_COMMENTS = YES;
				CLANG_WARN_EMPTY_BODY = YES;
				CLANG_WARN_ENUM_CONVERSION = YES;
				CLANG_WARN_INFINITE_RECURSION = YES;
				CLANG_WARN_INT_CONVERSION = YES;
				CLANG_WARN_NON_LITERAL_NULL_CONVERSION = YES;
				CLANG_WARN_OBJC_IMPLICIT_RETAIN_SELF = YES;
				CLANG_WARN_OBJC_LITERAL_CONVERSION = YES;
				CLANG_WARN_OBJC_ROOT_CLASS = YES_ERROR;
				CLANG_WARN_QUOTED_INCLUDE_IN_FRAMEWORK_HEADER = YES;
				CLANG_WARN_RANGE_LOOP_ANALYSIS = YES;
				CLANG_WARN_STRICT_PROTOTYPES = YES;
				CLANG_WARN_SUSPICIOUS_MOVE = YES;
				CLANG_WARN_UNGUARDED_AVAILABILITY = YES_AGGRESSIVE;
				CLANG_WARN_UNREACHABLE_CODE = YES;
				CLANG_WARN__DUPLICATE_METHOD_MATCH = YES;
				COPY_PHASE_STRIP = NO;
				DEBUG_INFORMATION_FORMAT = dwarf;
				ENABLE_STRICT_OBJC_MSGSEND = YES;
				ENABLE_TESTABILITY = YES;
				GCC_C_LANGUAGE_STANDARD = gnu11;
				GCC_DYNAMIC_NO_PIC = NO;
				GCC_NO_COMMON_BLOCKS = YES;
				GCC_OPTIMIZATION_LEVEL = 0;
				GCC_PREPROCESSOR_DEFINITIONS = (
					"DEBUG=1",
					"$(inherited)",
				);
				GCC_WARN_64_TO_32_BIT_CONVERSION = YES;
				GCC_WARN_ABOUT_RETURN_TYPE = YES_ERROR;
				GCC_WARN_UNDECLARED_SELECTOR = YES;
				GCC_WARN_UNINITIALIZED_AUTOS = YES_AGGRESSIVE;
				GCC_WARN_UNUSED_FUNCTION = YES;
				GCC_WARN_UNUSED_VARIABLE = YES;
				IPHONEOS_DEPLOYMENT_TARGET = 12.0;
				MTL_ENABLE_DEBUG_INFO = INCLUDE_SOURCE;
				MTL_FAST_MATH = YES;
				ONLY_ACTIVE_ARCH = YES;
				SDKROOT = iphoneos;
				SWIFT_ACTIVE_COMPILATION_CONDITIONS = DEBUG;
				SWIFT_OPTIMIZATION_LEVEL = "-Onone";
			};
			name = Debug;
		};
		51C52702282A88AE00318CA3 /* Release */ = {
			isa = XCBuildConfiguration;
			buildSettings = {
				ALWAYS_SEARCH_USER_PATHS = NO;
				CLANG_ANALYZER_NONNULL = YES;
				CLANG_ANALYZER_NUMBER_OBJECT_CONVERSION = YES_AGGRESSIVE;
				CLANG_CXX_LANGUAGE_STANDARD = "gnu++17";
				CLANG_ENABLE_MODULES = YES;
				CLANG_ENABLE_OBJC_ARC = YES;
				CLANG_ENABLE_OBJC_WEAK = YES;
				CLANG_WARN_BLOCK_CAPTURE_AUTORELEASING = YES;
				CLANG_WARN_BOOL_CONVERSION = YES;
				CLANG_WARN_COMMA = YES;
				CLANG_WARN_CONSTANT_CONVERSION = YES;
				CLANG_WARN_DEPRECATED_OBJC_IMPLEMENTATIONS = YES;
				CLANG_WARN_DIRECT_OBJC_ISA_USAGE = YES_ERROR;
				CLANG_WARN_DOCUMENTATION_COMMENTS = YES;
				CLANG_WARN_EMPTY_BODY = YES;
				CLANG_WARN_ENUM_CONVERSION = YES;
				CLANG_WARN_INFINITE_RECURSION = YES;
				CLANG_WARN_INT_CONVERSION = YES;
				CLANG_WARN_NON_LITERAL_NULL_CONVERSION = YES;
				CLANG_WARN_OBJC_IMPLICIT_RETAIN_SELF = YES;
				CLANG_WARN_OBJC_LITERAL_CONVERSION = YES;
				CLANG_WARN_OBJC_ROOT_CLASS = YES_ERROR;
				CLANG_WARN_QUOTED_INCLUDE_IN_FRAMEWORK_HEADER = YES;
				CLANG_WARN_RANGE_LOOP_ANALYSIS = YES;
				CLANG_WARN_STRICT_PROTOTYPES = YES;
				CLANG_WARN_SUSPICIOUS_MOVE = YES;
				CLANG_WARN_UNGUARDED_AVAILABILITY = YES_AGGRESSIVE;
				CLANG_WARN_UNREACHABLE_CODE = YES;
				CLANG_WARN__DUPLICATE_METHOD_MATCH = YES;
				COPY_PHASE_STRIP = NO;
				DEBUG_INFORMATION_FORMAT = "dwarf-with-dsym";
				ENABLE_NS_ASSERTIONS = NO;
				ENABLE_STRICT_OBJC_MSGSEND = YES;
				GCC_C_LANGUAGE_STANDARD = gnu11;
				GCC_NO_COMMON_BLOCKS = YES;
				GCC_WARN_64_TO_32_BIT_CONVERSION = YES;
				GCC_WARN_ABOUT_RETURN_TYPE = YES_ERROR;
				GCC_WARN_UNDECLARED_SELECTOR = YES;
				GCC_WARN_UNINITIALIZED_AUTOS = YES_AGGRESSIVE;
				GCC_WARN_UNUSED_FUNCTION = YES;
				GCC_WARN_UNUSED_VARIABLE = YES;
				IPHONEOS_DEPLOYMENT_TARGET = 12.0;
				MTL_ENABLE_DEBUG_INFO = NO;
				MTL_FAST_MATH = YES;
				SDKROOT = iphoneos;
				SWIFT_COMPILATION_MODE = wholemodule;
				SWIFT_OPTIMIZATION_LEVEL = "-O";
				VALIDATE_PRODUCT = YES;
			};
			name = Release;
		};
		51C52704282A88AE00318CA3 /* Debug */ = {
			isa = XCBuildConfiguration;
			baseConfigurationReference = 217DB817AD8F25F046EB12DB /* Pods-WorldBeers.debug.xcconfig */;
			buildSettings = {
				ASSETCATALOG_COMPILER_APPICON_NAME = AppIcon;
				ASSETCATALOG_COMPILER_GLOBAL_ACCENT_COLOR_NAME = AccentColor;
				CODE_SIGN_STYLE = Automatic;
				CURRENT_PROJECT_VERSION = 1;
				DEVELOPMENT_TEAM = RA426JW3SN;
				GENERATE_INFOPLIST_FILE = YES;
				INFOPLIST_FILE = WorldBeers/Info.plist;
				INFOPLIST_KEY_UIApplicationSupportsIndirectInputEvents = YES;
				INFOPLIST_KEY_UILaunchStoryboardName = LaunchScreen;
				INFOPLIST_KEY_UIMainStoryboardFile = Main;
				INFOPLIST_KEY_UISupportedInterfaceOrientations = UIInterfaceOrientationPortrait;
				INFOPLIST_KEY_UISupportedInterfaceOrientations_iPad = "UIInterfaceOrientationPortrait UIInterfaceOrientationPortraitUpsideDown UIInterfaceOrientationLandscapeLeft UIInterfaceOrientationLandscapeRight";
				INFOPLIST_KEY_UISupportedInterfaceOrientations_iPhone = UIInterfaceOrientationPortrait;
				LD_RUNPATH_SEARCH_PATHS = (
					"$(inherited)",
					"@executable_path/Frameworks",
				);
				MARKETING_VERSION = 1.0;
				PRODUCT_BUNDLE_IDENTIFIER = danilo.WorldBeers;
				PRODUCT_NAME = "$(TARGET_NAME)";
				SWIFT_EMIT_LOC_STRINGS = YES;
				SWIFT_VERSION = 5.0;
				TARGETED_DEVICE_FAMILY = "1,2";
			};
			name = Debug;
		};
		51C52705282A88AE00318CA3 /* Release */ = {
			isa = XCBuildConfiguration;
			baseConfigurationReference = B57A9F4313B6EE3A8F862AEE /* Pods-WorldBeers.release.xcconfig */;
			buildSettings = {
				ASSETCATALOG_COMPILER_APPICON_NAME = AppIcon;
				ASSETCATALOG_COMPILER_GLOBAL_ACCENT_COLOR_NAME = AccentColor;
				CODE_SIGN_STYLE = Automatic;
				CURRENT_PROJECT_VERSION = 1;
				DEVELOPMENT_TEAM = RA426JW3SN;
				GENERATE_INFOPLIST_FILE = YES;
				INFOPLIST_FILE = WorldBeers/Info.plist;
				INFOPLIST_KEY_UIApplicationSupportsIndirectInputEvents = YES;
				INFOPLIST_KEY_UILaunchStoryboardName = LaunchScreen;
				INFOPLIST_KEY_UIMainStoryboardFile = Main;
				INFOPLIST_KEY_UISupportedInterfaceOrientations = UIInterfaceOrientationPortrait;
				INFOPLIST_KEY_UISupportedInterfaceOrientations_iPad = "UIInterfaceOrientationPortrait UIInterfaceOrientationPortraitUpsideDown UIInterfaceOrientationLandscapeLeft UIInterfaceOrientationLandscapeRight";
				INFOPLIST_KEY_UISupportedInterfaceOrientations_iPhone = UIInterfaceOrientationPortrait;
				LD_RUNPATH_SEARCH_PATHS = (
					"$(inherited)",
					"@executable_path/Frameworks",
				);
				MARKETING_VERSION = 1.0;
				PRODUCT_BUNDLE_IDENTIFIER = danilo.WorldBeers;
				PRODUCT_NAME = "$(TARGET_NAME)";
				SWIFT_EMIT_LOC_STRINGS = YES;
				SWIFT_VERSION = 5.0;
				TARGETED_DEVICE_FAMILY = "1,2";
			};
			name = Release;
		};
		51C52707282A88AE00318CA3 /* Debug */ = {
			isa = XCBuildConfiguration;
			baseConfigurationReference = 66ADA207542556AA1A3F023C /* Pods-WorldBeersTests.debug.xcconfig */;
			buildSettings = {
				ALWAYS_EMBED_SWIFT_STANDARD_LIBRARIES = YES;
				BUNDLE_LOADER = "$(TEST_HOST)";
				CODE_SIGN_STYLE = Automatic;
				CURRENT_PROJECT_VERSION = 1;
				DEVELOPMENT_TEAM = RA426JW3SN;
				GENERATE_INFOPLIST_FILE = YES;
				IPHONEOS_DEPLOYMENT_TARGET = 15.4;
				MARKETING_VERSION = 1.0;
				PRODUCT_BUNDLE_IDENTIFIER = danilo.WorldBeersTests;
				PRODUCT_NAME = "$(TARGET_NAME)";
				SWIFT_EMIT_LOC_STRINGS = NO;
				SWIFT_VERSION = 5.0;
				TARGETED_DEVICE_FAMILY = "1,2";
				TEST_HOST = "$(BUILT_PRODUCTS_DIR)/WorldBeers.app/WorldBeers";
			};
			name = Debug;
		};
		51C52708282A88AE00318CA3 /* Release */ = {
			isa = XCBuildConfiguration;
			baseConfigurationReference = 91DFA3C1D0402CDBCF91746A /* Pods-WorldBeersTests.release.xcconfig */;
			buildSettings = {
				ALWAYS_EMBED_SWIFT_STANDARD_LIBRARIES = YES;
				BUNDLE_LOADER = "$(TEST_HOST)";
				CODE_SIGN_STYLE = Automatic;
				CURRENT_PROJECT_VERSION = 1;
				DEVELOPMENT_TEAM = RA426JW3SN;
				GENERATE_INFOPLIST_FILE = YES;
				IPHONEOS_DEPLOYMENT_TARGET = 15.4;
				MARKETING_VERSION = 1.0;
				PRODUCT_BUNDLE_IDENTIFIER = danilo.WorldBeersTests;
				PRODUCT_NAME = "$(TARGET_NAME)";
				SWIFT_EMIT_LOC_STRINGS = NO;
				SWIFT_VERSION = 5.0;
				TARGETED_DEVICE_FAMILY = "1,2";
				TEST_HOST = "$(BUILT_PRODUCTS_DIR)/WorldBeers.app/WorldBeers";
			};
			name = Release;
		};
		51C5270A282A88AE00318CA3 /* Debug */ = {
			isa = XCBuildConfiguration;
			baseConfigurationReference = 183433EB8DEF9D6E65FDB4FB /* Pods-WorldBeers-WorldBeersUITests.debug.xcconfig */;
			buildSettings = {
				ALWAYS_EMBED_SWIFT_STANDARD_LIBRARIES = YES;
				CODE_SIGN_STYLE = Automatic;
				CURRENT_PROJECT_VERSION = 1;
				DEVELOPMENT_TEAM = RA426JW3SN;
				GENERATE_INFOPLIST_FILE = YES;
				MARKETING_VERSION = 1.0;
				PRODUCT_BUNDLE_IDENTIFIER = danilo.WorldBeersUITests;
				PRODUCT_NAME = "$(TARGET_NAME)";
				SWIFT_EMIT_LOC_STRINGS = NO;
				SWIFT_VERSION = 5.0;
				TARGETED_DEVICE_FAMILY = "1,2";
				TEST_TARGET_NAME = WorldBeers;
			};
			name = Debug;
		};
		51C5270B282A88AE00318CA3 /* Release */ = {
			isa = XCBuildConfiguration;
			baseConfigurationReference = F6ED9ABA024A5AEC0D6003F1 /* Pods-WorldBeers-WorldBeersUITests.release.xcconfig */;
			buildSettings = {
				ALWAYS_EMBED_SWIFT_STANDARD_LIBRARIES = YES;
				CODE_SIGN_STYLE = Automatic;
				CURRENT_PROJECT_VERSION = 1;
				DEVELOPMENT_TEAM = RA426JW3SN;
				GENERATE_INFOPLIST_FILE = YES;
				MARKETING_VERSION = 1.0;
				PRODUCT_BUNDLE_IDENTIFIER = danilo.WorldBeersUITests;
				PRODUCT_NAME = "$(TARGET_NAME)";
				SWIFT_EMIT_LOC_STRINGS = NO;
				SWIFT_VERSION = 5.0;
				TARGETED_DEVICE_FAMILY = "1,2";
				TEST_TARGET_NAME = WorldBeers;
			};
			name = Release;
		};
/* End XCBuildConfiguration section */

/* Begin XCConfigurationList section */
		51C526D4282A88AD00318CA3 /* Build configuration list for PBXProject "WorldBeers" */ = {
			isa = XCConfigurationList;
			buildConfigurations = (
				51C52701282A88AE00318CA3 /* Debug */,
				51C52702282A88AE00318CA3 /* Release */,
			);
			defaultConfigurationIsVisible = 0;
			defaultConfigurationName = Release;
		};
		51C52703282A88AE00318CA3 /* Build configuration list for PBXNativeTarget "WorldBeers" */ = {
			isa = XCConfigurationList;
			buildConfigurations = (
				51C52704282A88AE00318CA3 /* Debug */,
				51C52705282A88AE00318CA3 /* Release */,
			);
			defaultConfigurationIsVisible = 0;
			defaultConfigurationName = Release;
		};
		51C52706282A88AE00318CA3 /* Build configuration list for PBXNativeTarget "WorldBeersTests" */ = {
			isa = XCConfigurationList;
			buildConfigurations = (
				51C52707282A88AE00318CA3 /* Debug */,
				51C52708282A88AE00318CA3 /* Release */,
			);
			defaultConfigurationIsVisible = 0;
			defaultConfigurationName = Release;
		};
		51C52709282A88AE00318CA3 /* Build configuration list for PBXNativeTarget "WorldBeersUITests" */ = {
			isa = XCConfigurationList;
			buildConfigurations = (
				51C5270A282A88AE00318CA3 /* Debug */,
				51C5270B282A88AE00318CA3 /* Release */,
			);
			defaultConfigurationIsVisible = 0;
			defaultConfigurationName = Release;
		};
/* End XCConfigurationList section */
	};
	rootObject = 51C526D1282A88AD00318CA3 /* Project object */;
}
